
Microsoft Visual Studio Solution File, Format Version 12.00
# Visual Studio 15
VisualStudioVersion = 15.0.28307.329
MinimumVisualStudioVersion = 10.0.40219.1
Project("{FAE04EC0-301F-11D3-BF4B-00C04F79EFBC}") = "InfiniteScroll.Android", "InfiniteScroll\InfiniteScroll.Android\InfiniteScroll.Android.csproj", "{2A076A9E-5291-4023-BE3E-ABFB457A70A5}"
EndProject
Project("{FAE04EC0-301F-11D3-BF4B-00C04F79EFBC}") = "InfiniteScroll.iOS", "InfiniteScroll\InfiniteScroll.iOS\InfiniteScroll.iOS.csproj", "{1B963F34-D2B9-4737-BF6C-5D321468A580}"
EndProject
Project("{FAE04EC0-301F-11D3-BF4B-00C04F79EFBC}") = "InfiniteScroll", "InfiniteScroll\InfiniteScroll\InfiniteScroll.csproj", "{C2A1EBAA-A7D4-452C-8B0E-4F3F1B8BC547}"
EndProject
Global
	GlobalSection(SolutionConfigurationPlatforms) = preSolution
		Ad-Hoc|Any CPU = Ad-Hoc|Any CPU
		Ad-Hoc|iPhone = Ad-Hoc|iPhone
		Ad-Hoc|iPhoneSimulator = Ad-Hoc|iPhoneSimulator
		AppStore|Any CPU = AppStore|Any CPU
		AppStore|iPhone = AppStore|iPhone
		AppStore|iPhoneSimulator = AppStore|iPhoneSimulator
		Debug|Any CPU = Debug|Any CPU
		Debug|iPhone = Debug|iPhone
		Debug|iPhoneSimulator = Debug|iPhoneSimulator
		Release|Any CPU = Release|Any CPU
		Release|iPhone = Release|iPhone
		Release|iPhoneSimulator = Release|iPhoneSimulator
	EndGlobalSection
	GlobalSection(ProjectConfigurationPlatforms) = postSolution
		{2A076A9E-5291-4023-BE3E-ABFB457A70A5}.Ad-Hoc|Any CPU.ActiveCfg = Release|Any CPU
		{2A076A9E-5291-4023-BE3E-ABFB457A70A5}.Ad-Hoc|Any CPU.Build.0 = Release|Any CPU
		{2A076A9E-5291-4023-BE3E-ABFB457A70A5}.Ad-Hoc|Any CPU.Deploy.0 = Release|Any CPU
		{2A076A9E-5291-4023-BE3E-ABFB457A70A5}.Ad-Hoc|iPhone.ActiveCfg = Release|Any CPU
		{2A076A9E-5291-4023-BE3E-ABFB457A70A5}.Ad-Hoc|iPhone.Build.0 = Release|Any CPU
		{2A076A9E-5291-4023-BE3E-ABFB457A70A5}.Ad-Hoc|iPhone.Deploy.0 = Release|Any CPU
		{2A076A9E-5291-4023-BE3E-ABFB457A70A5}.Ad-Hoc|iPhoneSimulator.ActiveCfg = Release|Any CPU
		{2A076A9E-5291-4023-BE3E-ABFB457A70A5}.Ad-Hoc|iPhoneSimulator.Build.0 = Release|Any CPU
		{2A076A9E-5291-4023-BE3E-ABFB457A70A5}.Ad-Hoc|iPhoneSimulator.Deploy.0 = Release|Any CPU
		{2A076A9E-5291-4023-BE3E-ABFB457A70A5}.AppStore|Any CPU.ActiveCfg = Release|Any CPU
		{2A076A9E-5291-4023-BE3E-ABFB457A70A5}.AppStore|Any CPU.Build.0 = Release|Any CPU
		{2A076A9E-5291-4023-BE3E-ABFB457A70A5}.AppStore|Any CPU.Deploy.0 = Release|Any CPU
		{2A076A9E-5291-4023-BE3E-ABFB457A70A5}.AppStore|iPhone.ActiveCfg = Release|Any CPU
		{2A076A9E-5291-4023-BE3E-ABFB457A70A5}.AppStore|iPhone.Build.0 = Release|Any CPU
		{2A076A9E-5291-4023-BE3E-ABFB457A70A5}.AppStore|iPhone.Deploy.0 = Release|Any CPU
		{2A076A9E-5291-4023-BE3E-ABFB457A70A5}.AppStore|iPhoneSimulator.ActiveCfg = Release|Any CPU
		{2A076A9E-5291-4023-BE3E-ABFB457A70A5}.AppStore|iPhoneSimulator.Build.0 = Release|Any CPU
		{2A076A9E-5291-4023-BE3E-ABFB457A70A5}.AppStore|iPhoneSimulator.Deploy.0 = Release|Any CPU
		{2A076A9E-5291-4023-BE3E-ABFB457A70A5}.Debug|Any CPU.ActiveCfg = Debug|Any CPU
		{2A076A9E-5291-4023-BE3E-ABFB457A70A5}.Debug|Any CPU.Build.0 = Debug|Any CPU
		{2A076A9E-5291-4023-BE3E-ABFB457A70A5}.Debug|Any CPU.Deploy.0 = Debug|Any CPU
		{2A076A9E-5291-4023-BE3E-ABFB457A70A5}.Debug|iPhone.ActiveCfg = Debug|Any CPU
		{2A076A9E-5291-4023-BE3E-ABFB457A70A5}.Debug|iPhone.Build.0 = Debug|Any CPU
		{2A076A9E-5291-4023-BE3E-ABFB457A70A5}.Debug|iPhone.Deploy.0 = Debug|Any CPU
		{2A076A9E-5291-4023-BE3E-ABFB457A70A5}.Debug|iPhoneSimulator.ActiveCfg = Debug|Any CPU
		{2A076A9E-5291-4023-BE3E-ABFB457A70A5}.Debug|iPhoneSimulator.Build.0 = Debug|Any CPU
		{2A076A9E-5291-4023-BE3E-ABFB457A70A5}.Debug|iPhoneSimulator.Deploy.0 = Debug|Any CPU
		{2A076A9E-5291-4023-BE3E-ABFB457A70A5}.Release|Any CPU.ActiveCfg = Release|Any CPU
		{2A076A9E-5291-4023-BE3E-ABFB457A70A5}.Release|Any CPU.Build.0 = Release|Any CPU
		{2A076A9E-5291-4023-BE3E-ABFB457A70A5}.Release|Any CPU.Deploy.0 = Release|Any CPU
		{2A076A9E-5291-4023-BE3E-ABFB457A70A5}.Release|iPhone.ActiveCfg = Release|Any CPU
		{2A076A9E-5291-4023-BE3E-ABFB457A70A5}.Release|iPhone.Build.0 = Release|Any CPU
		{2A076A9E-5291-4023-BE3E-ABFB457A70A5}.Release|iPhone.Deploy.0 = Release|Any CPU
		{2A076A9E-5291-4023-BE3E-ABFB457A70A5}.Release|iPhoneSimulator.ActiveCfg = Release|Any CPU
		{2A076A9E-5291-4023-BE3E-ABFB457A70A5}.Release|iPhoneSimulator.Build.0 = Release|Any CPU
		{2A076A9E-5291-4023-BE3E-ABFB457A70A5}.Release|iPhoneSimulator.Deploy.0 = Release|Any CPU
		{1B963F34-D2B9-4737-BF6C-5D321468A580}.Ad-Hoc|Any CPU.ActiveCfg = Ad-Hoc|iPhone
		{1B963F34-D2B9-4737-BF6C-5D321468A580}.Ad-Hoc|Any CPU.Build.0 = Ad-Hoc|iPhone
		{1B963F34-D2B9-4737-BF6C-5D321468A580}.Ad-Hoc|Any CPU.Deploy.0 = Ad-Hoc|iPhone
		{1B963F34-D2B9-4737-BF6C-5D321468A580}.Ad-Hoc|iPhone.ActiveCfg = Ad-Hoc|iPhone
		{1B963F34-D2B9-4737-BF6C-5D321468A580}.Ad-Hoc|iPhone.Build.0 = Ad-Hoc|iPhone
		{1B963F34-D2B9-4737-BF6C-5D321468A580}.Ad-Hoc|iPhone.Deploy.0 = Ad-Hoc|iPhone
		{1B963F34-D2B9-4737-BF6C-5D321468A580}.Ad-Hoc|iPhoneSimulator.ActiveCfg = Ad-Hoc|iPhoneSimulator
		{1B963F34-D2B9-4737-BF6C-5D321468A580}.Ad-Hoc|iPhoneSimulator.Build.0 = Ad-Hoc|iPhoneSimulator
		{1B963F34-D2B9-4737-BF6C-5D321468A580}.Ad-Hoc|iPhoneSimulator.Deploy.0 = Ad-Hoc|iPhoneSimulator
		{1B963F34-D2B9-4737-BF6C-5D321468A580}.AppStore|Any CPU.ActiveCfg = AppStore|iPhone
		{1B963F34-D2B9-4737-BF6C-5D321468A580}.AppStore|Any CPU.Build.0 = AppStore|iPhone
		{1B963F34-D2B9-4737-BF6C-5D321468A580}.AppStore|Any CPU.Deploy.0 = AppStore|iPhone
		{1B963F34-D2B9-4737-BF6C-5D321468A580}.AppStore|iPhone.ActiveCfg = AppStore|iPhone
		{1B963F34-D2B9-4737-BF6C-5D321468A580}.AppStore|iPhone.Build.0 = AppStore|iPhone
		{1B963F34-D2B9-4737-BF6C-5D321468A580}.AppStore|iPhone.Deploy.0 = AppStore|iPhone
		{1B963F34-D2B9-4737-BF6C-5D321468A580}.AppStore|iPhoneSimulator.ActiveCfg = AppStore|iPhoneSimulator
		{1B963F34-D2B9-4737-BF6C-5D321468A580}.AppStore|iPhoneSimulator.Build.0 = AppStore|iPhoneSimulator
		{1B963F34-D2B9-4737-BF6C-5D321468A580}.AppStore|iPhoneSimulator.Deploy.0 = AppStore|iPhoneSimulator
		{1B963F34-D2B9-4737-BF6C-5D321468A580}.Debug|Any CPU.ActiveCfg = Debug|iPhoneSimulator
		{1B963F34-D2B9-4737-BF6C-5D321468A580}.Debug|Any CPU.Build.0 = Debug|iPhoneSimulator
		{1B963F34-D2B9-4737-BF6C-5D321468A580}.Debug|Any CPU.Deploy.0 = Debug|iPhoneSimulator
		{1B963F34-D2B9-4737-BF6C-5D321468A580}.Debug|iPhone.ActiveCfg = Debug|iPhone
		{1B963F34-D2B9-4737-BF6C-5D321468A580}.Debug|iPhone.Build.0 = Debug|iPhone
		{1B963F34-D2B9-4737-BF6C-5D321468A580}.Debug|iPhone.Deploy.0 = Debug|iPhone
		{1B963F34-D2B9-4737-BF6C-5D321468A580}.Debug|iPhoneSimulator.ActiveCfg = Debug|iPhoneSimulator
		{1B963F34-D2B9-4737-BF6C-5D321468A580}.Debug|iPhoneSimulator.Build.0 = Debug|iPhoneSimulator
		{1B963F34-D2B9-4737-BF6C-5D321468A580}.Debug|iPhoneSimulator.Deploy.0 = Debug|iPhoneSimulator
		{1B963F34-D2B9-4737-BF6C-5D321468A580}.Release|Any CPU.ActiveCfg = Release|iPhone
		{1B963F34-D2B9-4737-BF6C-5D321468A580}.Release|Any CPU.Build.0 = Release|iPhone
		{1B963F34-D2B9-4737-BF6C-5D321468A580}.Release|Any CPU.Deploy.0 = Release|iPhone
		{1B963F34-D2B9-4737-BF6C-5D321468A580}.Release|iPhone.ActiveCfg = Release|iPhone
		{1B963F34-D2B9-4737-BF6C-5D321468A580}.Release|iPhone.Build.0 = Release|iPhone
		{1B963F34-D2B9-4737-BF6C-5D321468A580}.Release|iPhone.Deploy.0 = Release|iPhone
		{1B963F34-D2B9-4737-BF6C-5D321468A580}.Release|iPhoneSimulator.ActiveCfg = Release|iPhoneSimulator
		{1B963F34-D2B9-4737-BF6C-5D321468A580}.Release|iPhoneSimulator.Build.0 = Release|iPhoneSimulator
		{1B963F34-D2B9-4737-BF6C-5D321468A580}.Release|iPhoneSimulator.Deploy.0 = Release|iPhoneSimulator
		{C2A1EBAA-A7D4-452C-8B0E-4F3F1B8BC547}.Ad-Hoc|Any CPU.ActiveCfg = Debug|Any CPU
		{C2A1EBAA-A7D4-452C-8B0E-4F3F1B8BC547}.Ad-Hoc|Any CPU.Build.0 = Debug|Any CPU
		{C2A1EBAA-A7D4-452C-8B0E-4F3F1B8BC547}.Ad-Hoc|Any CPU.Deploy.0 = Debug|Any CPU
		{C2A1EBAA-A7D4-452C-8B0E-4F3F1B8BC547}.Ad-Hoc|iPhone.ActiveCfg = Debug|Any CPU
		{C2A1EBAA-A7D4-452C-8B0E-4F3F1B8BC547}.Ad-Hoc|iPhone.Build.0 = Debug|Any CPU
		{C2A1EBAA-A7D4-452C-8B0E-4F3F1B8BC547}.Ad-Hoc|iPhone.Deploy.0 = Debug|Any CPU
		{C2A1EBAA-A7D4-452C-8B0E-4F3F1B8BC547}.Ad-Hoc|iPhoneSimulator.ActiveCfg = Debug|Any CPU
		{C2A1EBAA-A7D4-452C-8B0E-4F3F1B8BC547}.Ad-Hoc|iPhoneSimulator.Build.0 = Debug|Any CPU
		{C2A1EBAA-A7D4-452C-8B0E-4F3F1B8BC547}.Ad-Hoc|iPhoneSimulator.Deploy.0 = Debug|Any CPU
		{C2A1EBAA-A7D4-452C-8B0E-4F3F1B8BC547}.AppStore|Any CPU.ActiveCfg = Debug|Any CPU
		{C2A1EBAA-A7D4-452C-8B0E-4F3F1B8BC547}.AppStore|Any CPU.Build.0 = Debug|Any CPU
		{C2A1EBAA-A7D4-452C-8B0E-4F3F1B8BC547}.AppStore|Any CPU.Deploy.0 = Debug|Any CPU
		{C2A1EBAA-A7D4-452C-8B0E-4F3F1B8BC547}.AppStore|iPhone.ActiveCfg = Debug|Any CPU
		{C2A1EBAA-A7D4-452C-8B0E-4F3F1B8BC547}.AppStore|iPhone.Build.0 = Debug|Any CPU
		{C2A1EBAA-A7D4-452C-8B0E-4F3F1B8BC547}.AppStore|iPhone.Deploy.0 = Debug|Any CPU
		{C2A1EBAA-A7D4-452C-8B0E-4F3F1B8BC547}.AppStore|iPhoneSimulator.ActiveCfg = Debug|Any CPU
		{C2A1EBAA-A7D4-452C-8B0E-4F3F1B8BC547}.AppStore|iPhoneSimulator.Build.0 = Debug|Any CPU
		{C2A1EBAA-A7D4-452C-8B0E-4F3F1B8BC547}.AppStore|iPhoneSimulator.Deploy.0 = Debug|Any CPU
		{C2A1EBAA-A7D4-452C-8B0E-4F3F1B8BC547}.Debug|Any CPU.ActiveCfg = Debug|Any CPU
		{C2A1EBAA-A7D4-452C-8B0E-4F3F1B8BC547}.Debug|Any CPU.Build.0 = Debug|Any CPU
		{C2A1EBAA-A7D4-452C-8B0E-4F3F1B8BC547}.Debug|Any CPU.Deploy.0 = Debug|Any CPU
		{C2A1EBAA-A7D4-452C-8B0E-4F3F1B8BC547}.Debug|iPhone.ActiveCfg = Debug|Any CPU
		{C2A1EBAA-A7D4-452C-8B0E-4F3F1B8BC547}.Debug|iPhone.Build.0 = Debug|Any CPU
		{C2A1EBAA-A7D4-452C-8B0E-4F3F1B8BC547}.Debug|iPhone.Deploy.0 = Debug|Any CPU
		{C2A1EBAA-A7D4-452C-8B0E-4F3F1B8BC547}.Debug|iPhoneSimulator.ActiveCfg = Debug|Any CPU
		{C2A1EBAA-A7D4-452C-8B0E-4F3F1B8BC547}.Debug|iPhoneSimulator.Build.0 = Debug|Any CPU
		{C2A1EBAA-A7D4-452C-8B0E-4F3F1B8BC547}.Debug|iPhoneSimulator.Deploy.0 = Debug|Any CPU
		{C2A1EBAA-A7D4-452C-8B0E-4F3F1B8BC547}.Release|Any CPU.ActiveCfg = Release|Any CPU
		{C2A1EBAA-A7D4-452C-8B0E-4F3F1B8BC547}.Release|Any CPU.Build.0 = Release|Any CPU
		{C2A1EBAA-A7D4-452C-8B0E-4F3F1B8BC547}.Release|Any CPU.Deploy.0 = Release|Any CPU
		{C2A1EBAA-A7D4-452C-8B0E-4F3F1B8BC547}.Release|iPhone.ActiveCfg = Release|Any CPU
		{C2A1EBAA-A7D4-452C-8B0E-4F3F1B8BC547}.Release|iPhone.Build.0 = Release|Any CPU
		{C2A1EBAA-A7D4-452C-8B0E-4F3F1B8BC547}.Release|iPhone.Deploy.0 = Release|Any CPU
		{C2A1EBAA-A7D4-452C-8B0E-4F3F1B8BC547}.Release|iPhoneSimulator.ActiveCfg = Release|Any CPU
		{C2A1EBAA-A7D4-452C-8B0E-4F3F1B8BC547}.Release|iPhoneSimulator.Build.0 = Release|Any CPU
		{C2A1EBAA-A7D4-452C-8B0E-4F3F1B8BC547}.Release|iPhoneSimulator.Deploy.0 = Release|Any CPU
	EndGlobalSection
	GlobalSection(SolutionProperties) = preSolution
		HideSolutionNode = FALSE
	EndGlobalSection
	GlobalSection(ExtensibilityGlobals) = postSolution
		SolutionGuid = {05EC2B7C-C898-4AF4-8FD7-75F637EA3EE9}
	EndGlobalSection
EndGlobal
